
Microsoft Visual Studio Solution File, Format Version 12.00
# Visual Studio Version 17
VisualStudioVersion = 17.7.34221.43
MinimumVisualStudioVersion = 10.0.40219.1
Project("{FAE04EC0-301F-11D3-BF4B-00C04F79EFBC}") = "Clase19", "Clase19\Clase19.csproj", "{44797F8C-0DA8-474A-811E-DD0A11229EAA}"
EndProject
Project("{FAE04EC0-301F-11D3-BF4B-00C04F79EFBC}") = "Entidades", "Entidades\Entidades.csproj", "{0B9A34AA-7BAF-4298-AC38-00D1449DDC83}"
EndProject
Project("{FAE04EC0-301F-11D3-BF4B-00C04F79EFBC}") = "FrmView", "FrmView\FrmView.csproj", "{7C4ECF54-9C33-416A-AFEF-2F53161E6547}"
EndProject
Global
	GlobalSection(SolutionConfigurationPlatforms) = preSolution
		Debug|Any CPU = Debug|Any CPU
		Release|Any CPU = Release|Any CPU
	EndGlobalSection
	GlobalSection(ProjectConfigurationPlatforms) = postSolution
		{44797F8C-0DA8-474A-811E-DD0A11229EAA}.Debug|Any CPU.ActiveCfg = Debug|Any CPU
		{44797F8C-0DA8-474A-811E-DD0A11229EAA}.Debug|Any CPU.Build.0 = Debug|Any CPU
		{44797F8C-0DA8-474A-811E-DD0A11229EAA}.Release|Any CPU.ActiveCfg = Release|Any CPU
		{44797F8C-0DA8-474A-811E-DD0A11229EAA}.Release|Any CPU.Build.0 = Release|Any CPU
		{0B9A34AA-7BAF-4298-AC38-00D1449DDC83}.Debug|Any CPU.ActiveCfg = Debug|Any CPU
		{0B9A34AA-7BAF-4298-AC38-00D1449DDC83}.Debug|Any CPU.Build.0 = Debug|Any CPU
		{0B9A34AA-7BAF-4298-AC38-00D1449DDC83}.Release|Any CPU.ActiveCfg = Release|Any CPU
		{0B9A34AA-7BAF-4298-AC38-00D1449DDC83}.Release|Any CPU.Build.0 = Release|Any CPU
		{7C4ECF54-9C33-416A-AFEF-2F53161E6547}.Debug|Any CPU.ActiveCfg = Debug|Any CPU
		{7C4ECF54-9C33-416A-AFEF-2F53161E6547}.Debug|Any CPU.Build.0 = Debug|Any CPU
		{7C4ECF54-9C33-416A-AFEF-2F53161E6547}.Release|Any CPU.ActiveCfg = Release|Any CPU
		{7C4ECF54-9C33-416A-AFEF-2F53161E6547}.Release|Any CPU.Build.0 = Release|Any CPU
	EndGlobalSection
	GlobalSection(SolutionProperties) = preSolution
		HideSolutionNode = FALSE
	EndGlobalSection
	GlobalSection(ExtensibilityGlobals) = postSolution
		SolutionGuid = {855143C0-B143-4233-BFF0-9C4104C2207B}
	EndGlobalSection
EndGlobal
