
Microsoft Visual Studio Solution File, Format Version 12.00
# Visual Studio Version 17
VisualStudioVersion = 17.5.33627.172
MinimumVisualStudioVersion = 10.0.40219.1
Project("{FAE04EC0-301F-11D3-BF4B-00C04F79EFBC}") = "Clase 6", "Clase 6\Clase 6.csproj", "{29D552FB-9834-4763-B9FC-076D0B347B39}"
EndProject
Project("{FAE04EC0-301F-11D3-BF4B-00C04F79EFBC}") = "Entidades", "Entidades\Entidades.csproj", "{B70D327F-184B-41EE-8DC6-67AB87EEDB7E}"
EndProject
Global
	GlobalSection(SolutionConfigurationPlatforms) = preSolution
		Debug|Any CPU = Debug|Any CPU
		Release|Any CPU = Release|Any CPU
	EndGlobalSection
	GlobalSection(ProjectConfigurationPlatforms) = postSolution
		{29D552FB-9834-4763-B9FC-076D0B347B39}.Debug|Any CPU.ActiveCfg = Debug|Any CPU
		{29D552FB-9834-4763-B9FC-076D0B347B39}.Debug|Any CPU.Build.0 = Debug|Any CPU
		{29D552FB-9834-4763-B9FC-076D0B347B39}.Release|Any CPU.ActiveCfg = Release|Any CPU
		{29D552FB-9834-4763-B9FC-076D0B347B39}.Release|Any CPU.Build.0 = Release|Any CPU
		{B70D327F-184B-41EE-8DC6-67AB87EEDB7E}.Debug|Any CPU.ActiveCfg = Debug|Any CPU
		{B70D327F-184B-41EE-8DC6-67AB87EEDB7E}.Debug|Any CPU.Build.0 = Debug|Any CPU
		{B70D327F-184B-41EE-8DC6-67AB87EEDB7E}.Release|Any CPU.ActiveCfg = Release|Any CPU
		{B70D327F-184B-41EE-8DC6-67AB87EEDB7E}.Release|Any CPU.Build.0 = Release|Any CPU
	EndGlobalSection
	GlobalSection(SolutionProperties) = preSolution
		HideSolutionNode = FALSE
	EndGlobalSection
	GlobalSection(ExtensibilityGlobals) = postSolution
		SolutionGuid = {45F6BD2D-B0E6-4BC4-A67A-A92052680746}
	EndGlobalSection
EndGlobal
