
Microsoft Visual Studio Solution File, Format Version 12.00
# Visual Studio Version 17
VisualStudioVersion = 17.7.34018.315
MinimumVisualStudioVersion = 10.0.40219.1
Project("{FAE04EC0-301F-11D3-BF4B-00C04F79EFBC}") = "Clase10", "Clase10\Clase10.csproj", "{181CB75B-E397-459C-8DD5-64A363AE0ED2}"
EndProject
Project("{FAE04EC0-301F-11D3-BF4B-00C04F79EFBC}") = "Entidades", "Entidades\Entidades.csproj", "{8499F239-6503-425E-886A-C98E7BF410E7}"
EndProject
Global
	GlobalSection(SolutionConfigurationPlatforms) = preSolution
		Debug|Any CPU = Debug|Any CPU
		Release|Any CPU = Release|Any CPU
	EndGlobalSection
	GlobalSection(ProjectConfigurationPlatforms) = postSolution
		{181CB75B-E397-459C-8DD5-64A363AE0ED2}.Debug|Any CPU.ActiveCfg = Debug|Any CPU
		{181CB75B-E397-459C-8DD5-64A363AE0ED2}.Debug|Any CPU.Build.0 = Debug|Any CPU
		{181CB75B-E397-459C-8DD5-64A363AE0ED2}.Release|Any CPU.ActiveCfg = Release|Any CPU
		{181CB75B-E397-459C-8DD5-64A363AE0ED2}.Release|Any CPU.Build.0 = Release|Any CPU
		{8499F239-6503-425E-886A-C98E7BF410E7}.Debug|Any CPU.ActiveCfg = Debug|Any CPU
		{8499F239-6503-425E-886A-C98E7BF410E7}.Debug|Any CPU.Build.0 = Debug|Any CPU
		{8499F239-6503-425E-886A-C98E7BF410E7}.Release|Any CPU.ActiveCfg = Release|Any CPU
		{8499F239-6503-425E-886A-C98E7BF410E7}.Release|Any CPU.Build.0 = Release|Any CPU
	EndGlobalSection
	GlobalSection(SolutionProperties) = preSolution
		HideSolutionNode = FALSE
	EndGlobalSection
	GlobalSection(ExtensibilityGlobals) = postSolution
		SolutionGuid = {C0929907-7E12-4A66-A509-29120DA2515F}
	EndGlobalSection
EndGlobal
