
Microsoft Visual Studio Solution File, Format Version 12.00
# Visual Studio Version 17
VisualStudioVersion = 17.7.34018.315
MinimumVisualStudioVersion = 10.0.40219.1
Project("{FAE04EC0-301F-11D3-BF4B-00C04F79EFBC}") = "PP_Labo", "PP_Labo\PP_Labo.csproj", "{3DAEA665-7854-4833-8DC0-87797709D9BF}"
EndProject
Project("{9A19103F-16F7-4668-BE54-9A1E7A4F7556}") = "FrmView", "FrmView\FrmView.csproj", "{67BEFA69-5BA4-4292-9E4D-D7F800492077}"
EndProject
Project("{FAE04EC0-301F-11D3-BF4B-00C04F79EFBC}") = "Entidades", "Entidades\Entidades.csproj", "{B7B4DF74-DF72-4DCA-AF32-1B2D13C3ED15}"
EndProject
Global
	GlobalSection(SolutionConfigurationPlatforms) = preSolution
		Debug|Any CPU = Debug|Any CPU
		Release|Any CPU = Release|Any CPU
	EndGlobalSection
	GlobalSection(ProjectConfigurationPlatforms) = postSolution
		{3DAEA665-7854-4833-8DC0-87797709D9BF}.Debug|Any CPU.ActiveCfg = Debug|Any CPU
		{3DAEA665-7854-4833-8DC0-87797709D9BF}.Debug|Any CPU.Build.0 = Debug|Any CPU
		{3DAEA665-7854-4833-8DC0-87797709D9BF}.Release|Any CPU.ActiveCfg = Release|Any CPU
		{3DAEA665-7854-4833-8DC0-87797709D9BF}.Release|Any CPU.Build.0 = Release|Any CPU
		{67BEFA69-5BA4-4292-9E4D-D7F800492077}.Debug|Any CPU.ActiveCfg = Debug|Any CPU
		{67BEFA69-5BA4-4292-9E4D-D7F800492077}.Debug|Any CPU.Build.0 = Debug|Any CPU
		{67BEFA69-5BA4-4292-9E4D-D7F800492077}.Release|Any CPU.ActiveCfg = Release|Any CPU
		{67BEFA69-5BA4-4292-9E4D-D7F800492077}.Release|Any CPU.Build.0 = Release|Any CPU
		{B7B4DF74-DF72-4DCA-AF32-1B2D13C3ED15}.Debug|Any CPU.ActiveCfg = Debug|Any CPU
		{B7B4DF74-DF72-4DCA-AF32-1B2D13C3ED15}.Debug|Any CPU.Build.0 = Debug|Any CPU
		{B7B4DF74-DF72-4DCA-AF32-1B2D13C3ED15}.Release|Any CPU.ActiveCfg = Release|Any CPU
		{B7B4DF74-DF72-4DCA-AF32-1B2D13C3ED15}.Release|Any CPU.Build.0 = Release|Any CPU
	EndGlobalSection
	GlobalSection(SolutionProperties) = preSolution
		HideSolutionNode = FALSE
	EndGlobalSection
	GlobalSection(ExtensibilityGlobals) = postSolution
		SolutionGuid = {EAA6F665-E33B-4EED-A6C0-6F51D5B5DE8A}
	EndGlobalSection
EndGlobal
