
Microsoft Visual Studio Solution File, Format Version 12.00
# Visual Studio Version 17
VisualStudioVersion = 17.7.34018.315
MinimumVisualStudioVersion = 10.0.40219.1
Project("{FAE04EC0-301F-11D3-BF4B-00C04F79EFBC}") = "FizzBuzz_Ejercicio", "FizzBuzz_Ejercicio\FizzBuzz_Ejercicio.csproj", "{020D1C35-92D8-40AD-951E-1FD01A821FF2}"
EndProject
Project("{FAE04EC0-301F-11D3-BF4B-00C04F79EFBC}") = "Entidades", "Entidades\Entidades.csproj", "{95051CA4-9D87-47F8-830D-82F140D823F5}"
EndProject
Project("{FAE04EC0-301F-11D3-BF4B-00C04F79EFBC}") = "UnitTest", "UnitTest\UnitTest.csproj", "{B2FDB5F6-3835-4A55-AB7A-D126498EB0EE}"
EndProject
Global
	GlobalSection(SolutionConfigurationPlatforms) = preSolution
		Debug|Any CPU = Debug|Any CPU
		Release|Any CPU = Release|Any CPU
	EndGlobalSection
	GlobalSection(ProjectConfigurationPlatforms) = postSolution
		{020D1C35-92D8-40AD-951E-1FD01A821FF2}.Debug|Any CPU.ActiveCfg = Debug|Any CPU
		{020D1C35-92D8-40AD-951E-1FD01A821FF2}.Debug|Any CPU.Build.0 = Debug|Any CPU
		{020D1C35-92D8-40AD-951E-1FD01A821FF2}.Release|Any CPU.ActiveCfg = Release|Any CPU
		{020D1C35-92D8-40AD-951E-1FD01A821FF2}.Release|Any CPU.Build.0 = Release|Any CPU
		{95051CA4-9D87-47F8-830D-82F140D823F5}.Debug|Any CPU.ActiveCfg = Debug|Any CPU
		{95051CA4-9D87-47F8-830D-82F140D823F5}.Debug|Any CPU.Build.0 = Debug|Any CPU
		{95051CA4-9D87-47F8-830D-82F140D823F5}.Release|Any CPU.ActiveCfg = Release|Any CPU
		{95051CA4-9D87-47F8-830D-82F140D823F5}.Release|Any CPU.Build.0 = Release|Any CPU
		{B2FDB5F6-3835-4A55-AB7A-D126498EB0EE}.Debug|Any CPU.ActiveCfg = Debug|Any CPU
		{B2FDB5F6-3835-4A55-AB7A-D126498EB0EE}.Debug|Any CPU.Build.0 = Debug|Any CPU
		{B2FDB5F6-3835-4A55-AB7A-D126498EB0EE}.Release|Any CPU.ActiveCfg = Release|Any CPU
		{B2FDB5F6-3835-4A55-AB7A-D126498EB0EE}.Release|Any CPU.Build.0 = Release|Any CPU
	EndGlobalSection
	GlobalSection(SolutionProperties) = preSolution
		HideSolutionNode = FALSE
	EndGlobalSection
	GlobalSection(ExtensibilityGlobals) = postSolution
		SolutionGuid = {AE5DBFFC-35D5-4FA0-BB04-E197EC06BB17}
	EndGlobalSection
EndGlobal
