
Microsoft Visual Studio Solution File, Format Version 12.00
# Visual Studio Version 17
VisualStudioVersion = 17.7.34221.43
MinimumVisualStudioVersion = 10.0.40219.1
Project("{FAE04EC0-301F-11D3-BF4B-00C04F79EFBC}") = "EjemploCalcular", "EjemploCalcular\EjemploCalcular.csproj", "{250F9815-7D66-4803-94B7-464AF2D187AD}"
EndProject
Global
	GlobalSection(SolutionConfigurationPlatforms) = preSolution
		Debug|Any CPU = Debug|Any CPU
		Release|Any CPU = Release|Any CPU
	EndGlobalSection
	GlobalSection(ProjectConfigurationPlatforms) = postSolution
		{250F9815-7D66-4803-94B7-464AF2D187AD}.Debug|Any CPU.ActiveCfg = Debug|Any CPU
		{250F9815-7D66-4803-94B7-464AF2D187AD}.Debug|Any CPU.Build.0 = Debug|Any CPU
		{250F9815-7D66-4803-94B7-464AF2D187AD}.Release|Any CPU.ActiveCfg = Release|Any CPU
		{250F9815-7D66-4803-94B7-464AF2D187AD}.Release|Any CPU.Build.0 = Release|Any CPU
	EndGlobalSection
	GlobalSection(SolutionProperties) = preSolution
		HideSolutionNode = FALSE
	EndGlobalSection
	GlobalSection(ExtensibilityGlobals) = postSolution
		SolutionGuid = {B078D2C9-C068-4A69-BA72-6E663A2E7320}
	EndGlobalSection
EndGlobal
