
Microsoft Visual Studio Solution File, Format Version 12.00
# Visual Studio Version 17
VisualStudioVersion = 17.7.34018.315
MinimumVisualStudioVersion = 10.0.40219.1
Project("{FAE04EC0-301F-11D3-BF4B-00C04F79EFBC}") = "LanzarYAtrapar", "LanzarYAtrapar\LanzarYAtrapar.csproj", "{C35C5E4F-D421-4AB7-BA0F-F95F98A75A0C}"
EndProject
Project("{FAE04EC0-301F-11D3-BF4B-00C04F79EFBC}") = "Entidades", "Entidades\Entidades.csproj", "{A25EB787-CD35-4B1D-8BCF-BD1BC3B709E6}"
EndProject
Global
	GlobalSection(SolutionConfigurationPlatforms) = preSolution
		Debug|Any CPU = Debug|Any CPU
		Release|Any CPU = Release|Any CPU
	EndGlobalSection
	GlobalSection(ProjectConfigurationPlatforms) = postSolution
		{C35C5E4F-D421-4AB7-BA0F-F95F98A75A0C}.Debug|Any CPU.ActiveCfg = Debug|Any CPU
		{C35C5E4F-D421-4AB7-BA0F-F95F98A75A0C}.Debug|Any CPU.Build.0 = Debug|Any CPU
		{C35C5E4F-D421-4AB7-BA0F-F95F98A75A0C}.Release|Any CPU.ActiveCfg = Release|Any CPU
		{C35C5E4F-D421-4AB7-BA0F-F95F98A75A0C}.Release|Any CPU.Build.0 = Release|Any CPU
		{A25EB787-CD35-4B1D-8BCF-BD1BC3B709E6}.Debug|Any CPU.ActiveCfg = Debug|Any CPU
		{A25EB787-CD35-4B1D-8BCF-BD1BC3B709E6}.Debug|Any CPU.Build.0 = Debug|Any CPU
		{A25EB787-CD35-4B1D-8BCF-BD1BC3B709E6}.Release|Any CPU.ActiveCfg = Release|Any CPU
		{A25EB787-CD35-4B1D-8BCF-BD1BC3B709E6}.Release|Any CPU.Build.0 = Release|Any CPU
	EndGlobalSection
	GlobalSection(SolutionProperties) = preSolution
		HideSolutionNode = FALSE
	EndGlobalSection
	GlobalSection(ExtensibilityGlobals) = postSolution
		SolutionGuid = {F0BF4AAB-7469-491D-8AC5-EE364D77FBA5}
	EndGlobalSection
EndGlobal
