
Microsoft Visual Studio Solution File, Format Version 12.00
# Visual Studio Version 17
VisualStudioVersion = 17.7.34018.315
MinimumVisualStudioVersion = 10.0.40219.1
Project("{9A19103F-16F7-4668-BE54-9A1E7A4F7556}") = "Clase05", "Clase05\Clase05.csproj", "{9751B16E-62CE-43E5-9483-055C923C4E20}"
EndProject
Project("{FAE04EC0-301F-11D3-BF4B-00C04F79EFBC}") = "Entidades", "Entidades\Entidades.csproj", "{174B6390-951F-4861-B0C8-95AFC2970390}"
EndProject
Global
	GlobalSection(SolutionConfigurationPlatforms) = preSolution
		Debug|Any CPU = Debug|Any CPU
		Release|Any CPU = Release|Any CPU
	EndGlobalSection
	GlobalSection(ProjectConfigurationPlatforms) = postSolution
		{9751B16E-62CE-43E5-9483-055C923C4E20}.Debug|Any CPU.ActiveCfg = Debug|Any CPU
		{9751B16E-62CE-43E5-9483-055C923C4E20}.Debug|Any CPU.Build.0 = Debug|Any CPU
		{9751B16E-62CE-43E5-9483-055C923C4E20}.Release|Any CPU.ActiveCfg = Release|Any CPU
		{9751B16E-62CE-43E5-9483-055C923C4E20}.Release|Any CPU.Build.0 = Release|Any CPU
		{174B6390-951F-4861-B0C8-95AFC2970390}.Debug|Any CPU.ActiveCfg = Debug|Any CPU
		{174B6390-951F-4861-B0C8-95AFC2970390}.Debug|Any CPU.Build.0 = Debug|Any CPU
		{174B6390-951F-4861-B0C8-95AFC2970390}.Release|Any CPU.ActiveCfg = Release|Any CPU
		{174B6390-951F-4861-B0C8-95AFC2970390}.Release|Any CPU.Build.0 = Release|Any CPU
	EndGlobalSection
	GlobalSection(SolutionProperties) = preSolution
		HideSolutionNode = FALSE
	EndGlobalSection
	GlobalSection(ExtensibilityGlobals) = postSolution
		SolutionGuid = {9A016AEA-415F-48B1-A02B-015AA44F7CDF}
	EndGlobalSection
EndGlobal
