
Microsoft Visual Studio Solution File, Format Version 12.00
# Visual Studio Version 17
VisualStudioVersion = 17.7.34018.315
MinimumVisualStudioVersion = 10.0.40219.1
Project("{FAE04EC0-301F-11D3-BF4B-00C04F79EFBC}") = "Clase01", "Clase01\Clase01.csproj", "{B51D7A80-9A5D-4AAC-8356-2DEB813CF0D4}"
EndProject
Global
	GlobalSection(SolutionConfigurationPlatforms) = preSolution
		Debug|Any CPU = Debug|Any CPU
		Release|Any CPU = Release|Any CPU
	EndGlobalSection
	GlobalSection(ProjectConfigurationPlatforms) = postSolution
		{B51D7A80-9A5D-4AAC-8356-2DEB813CF0D4}.Debug|Any CPU.ActiveCfg = Debug|Any CPU
		{B51D7A80-9A5D-4AAC-8356-2DEB813CF0D4}.Debug|Any CPU.Build.0 = Debug|Any CPU
		{B51D7A80-9A5D-4AAC-8356-2DEB813CF0D4}.Release|Any CPU.ActiveCfg = Release|Any CPU
		{B51D7A80-9A5D-4AAC-8356-2DEB813CF0D4}.Release|Any CPU.Build.0 = Release|Any CPU
	EndGlobalSection
	GlobalSection(SolutionProperties) = preSolution
		HideSolutionNode = FALSE
	EndGlobalSection
	GlobalSection(ExtensibilityGlobals) = postSolution
		SolutionGuid = {2A7CFB59-6595-4F6F-B179-EC2008D70950}
	EndGlobalSection
EndGlobal
