
Microsoft Visual Studio Solution File, Format Version 12.00
# Visual Studio Version 17
VisualStudioVersion = 17.7.34221.43
MinimumVisualStudioVersion = 10.0.40219.1
Project("{FAE04EC0-301F-11D3-BF4B-00C04F79EFBC}") = "EjemploEntity", "EjemploEntity\EjemploEntity.csproj", "{603A1F27-1023-4ACA-B369-52F314534F69}"
EndProject
Project("{FAE04EC0-301F-11D3-BF4B-00C04F79EFBC}") = "Entidades", "Entidades\Entidades.csproj", "{580DBE11-3D8E-4291-ADA2-F9A9AEB99192}"
EndProject
Global
	GlobalSection(SolutionConfigurationPlatforms) = preSolution
		Debug|Any CPU = Debug|Any CPU
		Release|Any CPU = Release|Any CPU
	EndGlobalSection
	GlobalSection(ProjectConfigurationPlatforms) = postSolution
		{603A1F27-1023-4ACA-B369-52F314534F69}.Debug|Any CPU.ActiveCfg = Debug|Any CPU
		{603A1F27-1023-4ACA-B369-52F314534F69}.Debug|Any CPU.Build.0 = Debug|Any CPU
		{603A1F27-1023-4ACA-B369-52F314534F69}.Release|Any CPU.ActiveCfg = Release|Any CPU
		{603A1F27-1023-4ACA-B369-52F314534F69}.Release|Any CPU.Build.0 = Release|Any CPU
		{580DBE11-3D8E-4291-ADA2-F9A9AEB99192}.Debug|Any CPU.ActiveCfg = Debug|Any CPU
		{580DBE11-3D8E-4291-ADA2-F9A9AEB99192}.Debug|Any CPU.Build.0 = Debug|Any CPU
		{580DBE11-3D8E-4291-ADA2-F9A9AEB99192}.Release|Any CPU.ActiveCfg = Release|Any CPU
		{580DBE11-3D8E-4291-ADA2-F9A9AEB99192}.Release|Any CPU.Build.0 = Release|Any CPU
	EndGlobalSection
	GlobalSection(SolutionProperties) = preSolution
		HideSolutionNode = FALSE
	EndGlobalSection
	GlobalSection(ExtensibilityGlobals) = postSolution
		SolutionGuid = {CF5E42AD-600C-4FF4-B8D9-4B200ED62E77}
	EndGlobalSection
EndGlobal
