
Microsoft Visual Studio Solution File, Format Version 12.00
# Visual Studio Version 17
VisualStudioVersion = 17.5.33627.172
MinimumVisualStudioVersion = 10.0.40219.1
Project("{9A19103F-16F7-4668-BE54-9A1E7A4F7556}") = "Vista", "Vista\Vista.csproj", "{4DF85E88-F244-461F-908C-DA6E212FCF3B}"
EndProject
Project("{9A19103F-16F7-4668-BE54-9A1E7A4F7556}") = "Entidades", "Entidades\Entidades.csproj", "{E790343A-0939-41B7-B139-D251E8BE512B}"
EndProject
Global
	GlobalSection(SolutionConfigurationPlatforms) = preSolution
		Debug|Any CPU = Debug|Any CPU
		Release|Any CPU = Release|Any CPU
	EndGlobalSection
	GlobalSection(ProjectConfigurationPlatforms) = postSolution
		{4DF85E88-F244-461F-908C-DA6E212FCF3B}.Debug|Any CPU.ActiveCfg = Debug|Any CPU
		{4DF85E88-F244-461F-908C-DA6E212FCF3B}.Debug|Any CPU.Build.0 = Debug|Any CPU
		{4DF85E88-F244-461F-908C-DA6E212FCF3B}.Release|Any CPU.ActiveCfg = Release|Any CPU
		{4DF85E88-F244-461F-908C-DA6E212FCF3B}.Release|Any CPU.Build.0 = Release|Any CPU
		{E790343A-0939-41B7-B139-D251E8BE512B}.Debug|Any CPU.ActiveCfg = Debug|Any CPU
		{E790343A-0939-41B7-B139-D251E8BE512B}.Debug|Any CPU.Build.0 = Debug|Any CPU
		{E790343A-0939-41B7-B139-D251E8BE512B}.Release|Any CPU.ActiveCfg = Release|Any CPU
		{E790343A-0939-41B7-B139-D251E8BE512B}.Release|Any CPU.Build.0 = Release|Any CPU
	EndGlobalSection
	GlobalSection(SolutionProperties) = preSolution
		HideSolutionNode = FALSE
	EndGlobalSection
	GlobalSection(ExtensibilityGlobals) = postSolution
		SolutionGuid = {78E723EB-A66A-43B2-9151-CF48B1B58DE0}
	EndGlobalSection
EndGlobal
