
Microsoft Visual Studio Solution File, Format Version 12.00
# Visual Studio Version 17
VisualStudioVersion = 17.7.34221.43
MinimumVisualStudioVersion = 10.0.40219.1
Project("{FAE04EC0-301F-11D3-BF4B-00C04F79EFBC}") = "MetodosGenericos", "MetodosGenericos\MetodosGenericos.csproj", "{4AB1FE8D-135B-4F2D-8F20-4F536C392717}"
EndProject
Global
	GlobalSection(SolutionConfigurationPlatforms) = preSolution
		Debug|Any CPU = Debug|Any CPU
		Release|Any CPU = Release|Any CPU
	EndGlobalSection
	GlobalSection(ProjectConfigurationPlatforms) = postSolution
		{4AB1FE8D-135B-4F2D-8F20-4F536C392717}.Debug|Any CPU.ActiveCfg = Debug|Any CPU
		{4AB1FE8D-135B-4F2D-8F20-4F536C392717}.Debug|Any CPU.Build.0 = Debug|Any CPU
		{4AB1FE8D-135B-4F2D-8F20-4F536C392717}.Release|Any CPU.ActiveCfg = Release|Any CPU
		{4AB1FE8D-135B-4F2D-8F20-4F536C392717}.Release|Any CPU.Build.0 = Release|Any CPU
	EndGlobalSection
	GlobalSection(SolutionProperties) = preSolution
		HideSolutionNode = FALSE
	EndGlobalSection
	GlobalSection(ExtensibilityGlobals) = postSolution
		SolutionGuid = {CC870B9D-A5B9-4904-B2EF-7940C87F9112}
	EndGlobalSection
EndGlobal
